
Microsoft Visual Studio Solution File, Format Version 12.00
# Visual Studio Version 16
VisualStudioVersion = 16.0.30907.101
MinimumVisualStudioVersion = 10.0.40219.1
Project("{FAE04EC0-301F-11D3-BF4B-00C04F79EFBC}") = "FullViajes", "FullViajes\FullViajes.csproj", "{979548D1-3CB9-4056-8A55-6615D241C8F3}"
EndProject
Global
	GlobalSection(SolutionConfigurationPlatforms) = preSolution
		Debug|Any CPU = Debug|Any CPU
		Release|Any CPU = Release|Any CPU
	EndGlobalSection
	GlobalSection(ProjectConfigurationPlatforms) = postSolution
		{979548D1-3CB9-4056-8A55-6615D241C8F3}.Debug|Any CPU.ActiveCfg = Debug|Any CPU
		{979548D1-3CB9-4056-8A55-6615D241C8F3}.Debug|Any CPU.Build.0 = Debug|Any CPU
		{979548D1-3CB9-4056-8A55-6615D241C8F3}.Release|Any CPU.ActiveCfg = Release|Any CPU
		{979548D1-3CB9-4056-8A55-6615D241C8F3}.Release|Any CPU.Build.0 = Release|Any CPU
	EndGlobalSection
	GlobalSection(SolutionProperties) = preSolution
		HideSolutionNode = FALSE
	EndGlobalSection
	GlobalSection(ExtensibilityGlobals) = postSolution
		SolutionGuid = {BBCA921C-2698-4B2C-A24B-9E8F2FC55B03}
	EndGlobalSection
EndGlobal
