
Microsoft Visual Studio Solution File, Format Version 12.00
# Visual Studio Version 16
VisualStudioVersion = 16.0.31005.135
MinimumVisualStudioVersion = 10.0.40219.1
Project("{FAE04EC0-301F-11D3-BF4B-00C04F79EFBC}") = "FullViajes", "FullViajes\FullViajes.csproj", "{A08C1215-A396-44BE-AD29-FCB7C7FCAD79}"
EndProject
Global
	GlobalSection(SolutionConfigurationPlatforms) = preSolution
		Debug|Any CPU = Debug|Any CPU
		Release|Any CPU = Release|Any CPU
	EndGlobalSection
	GlobalSection(ProjectConfigurationPlatforms) = postSolution
		{A08C1215-A396-44BE-AD29-FCB7C7FCAD79}.Debug|Any CPU.ActiveCfg = Debug|Any CPU
		{A08C1215-A396-44BE-AD29-FCB7C7FCAD79}.Debug|Any CPU.Build.0 = Debug|Any CPU
		{A08C1215-A396-44BE-AD29-FCB7C7FCAD79}.Release|Any CPU.ActiveCfg = Release|Any CPU
		{A08C1215-A396-44BE-AD29-FCB7C7FCAD79}.Release|Any CPU.Build.0 = Release|Any CPU
	EndGlobalSection
	GlobalSection(SolutionProperties) = preSolution
		HideSolutionNode = FALSE
	EndGlobalSection
	GlobalSection(ExtensibilityGlobals) = postSolution
		SolutionGuid = {6E56102D-333B-4484-9962-BB5E3B53A152}
	EndGlobalSection
EndGlobal
